
Microsoft Visual Studio Solution File, Format Version 12.00
# Visual Studio Version 17
VisualStudioVersion = 17.8.34511.84
MinimumVisualStudioVersion = 10.0.40219.1
Project("{9A19103F-16F7-4668-BE54-9A1E7A4F7556}") = "Auftragsverwaltung", "Auftragsverwaltung.csproj", "{0336E8E2-16C8-429A-ADA5-A900B299CE2C}"
EndProject
Global
	GlobalSection(SolutionConfigurationPlatforms) = preSolution
		Debug|Any CPU = Debug|Any CPU
		Release|Any CPU = Release|Any CPU
	EndGlobalSection
	GlobalSection(ProjectConfigurationPlatforms) = postSolution
		{0336E8E2-16C8-429A-ADA5-A900B299CE2C}.Debug|Any CPU.ActiveCfg = Debug|Any CPU
		{0336E8E2-16C8-429A-ADA5-A900B299CE2C}.Debug|Any CPU.Build.0 = Debug|Any CPU
		{0336E8E2-16C8-429A-ADA5-A900B299CE2C}.Release|Any CPU.ActiveCfg = Release|Any CPU
		{0336E8E2-16C8-429A-ADA5-A900B299CE2C}.Release|Any CPU.Build.0 = Release|Any CPU
	EndGlobalSection
	GlobalSection(SolutionProperties) = preSolution
		HideSolutionNode = FALSE
	EndGlobalSection
	GlobalSection(ExtensibilityGlobals) = postSolution
		SolutionGuid = {3938DDFB-F9C0-4B3C-B3AB-895FBD0D1A26}
	EndGlobalSection
EndGlobal
